
Microsoft Visual Studio Solution File, Format Version 12.00
# Visual Studio Version 17
VisualStudioVersion = 17.9.34622.214
MinimumVisualStudioVersion = 10.0.40219.1
Project("{9A19103F-16F7-4668-BE54-9A1E7A4F7556}") = "SqlyAI.Domain", "src\SqlyAI.Domain\SqlyAI.Domain.csproj", "{554AD327-6DBA-4F8F-96F8-81CE7A0C863F}"
EndProject
Project("{9A19103F-16F7-4668-BE54-9A1E7A4F7556}") = "SqlyAI.Databases.TestBase", "modules\SqlyAI.Databases\test\SqlyAI.Databases.TestBase\SqlyAI.Databases.TestBase.csproj", "{3A1A3493-68F1-47BC-9D0D-7CD650152E0D}"
EndProject
Project("{9A19103F-16F7-4668-BE54-9A1E7A4F7556}") = "SqlyAI.Databases.HttpApi.Client.ConsoleTestApp", "modules\SqlyAI.Databases\test\SqlyAI.Databases.HttpApi.Client.ConsoleTestApp\SqlyAI.Databases.HttpApi.Client.ConsoleTestApp.csproj", "{40662180-E279-45B8-B099-7065131B7270}"
EndProject
Project("{9A19103F-16F7-4668-BE54-9A1E7A4F7556}") = "SqlyAI.Databases.EntityFrameworkCore.Tests", "modules\SqlyAI.Databases\test\SqlyAI.Databases.EntityFrameworkCore.Tests\SqlyAI.Databases.EntityFrameworkCore.Tests.csproj", "{BC364701-861B-4BAE-A3C1-88C1142A94F4}"
EndProject
Project("{9A19103F-16F7-4668-BE54-9A1E7A4F7556}") = "SqlyAI.Databases.Domain.Tests", "modules\SqlyAI.Databases\test\SqlyAI.Databases.Domain.Tests\SqlyAI.Databases.Domain.Tests.csproj", "{5E8CE793-E8A5-43F1-807E-4D496BEEF7BB}"
EndProject
Project("{9A19103F-16F7-4668-BE54-9A1E7A4F7556}") = "SqlyAI.Databases.Application.Tests", "modules\SqlyAI.Databases\test\SqlyAI.Databases.Application.Tests\SqlyAI.Databases.Application.Tests.csproj", "{A26317DC-A881-4B9C-94DE-01E0C0508460}"
EndProject
Project("{2150E333-8FDC-42A3-9474-1A3956D46DE8}") = "SqlyAI.Databases.Tests", "SqlyAI.Databases.Tests", "{7DF2D4DE-7E4A-49E4-AD4E-39FF8A232999}"
EndProject
Project("{9A19103F-16F7-4668-BE54-9A1E7A4F7556}") = "SqlyAI.Application", "src\SqlyAI.Application\SqlyAI.Application.csproj", "{1A94A50E-06DC-43C1-80B5-B662820EC3EB}"
EndProject
Project("{9A19103F-16F7-4668-BE54-9A1E7A4F7556}") = "SqlyAI.EntityFrameworkCore", "src\SqlyAI.EntityFrameworkCore\SqlyAI.EntityFrameworkCore.csproj", "{C956DD76-69C8-4A9C-83EA-D17DF83340FD}"
EndProject
Project("{2150E333-8FDC-42A3-9474-1A3956D46DE8}") = "src", "src", "{CA9AC87F-097E-4F15-8393-4BC07735A5B0}"
EndProject
Project("{2150E333-8FDC-42A3-9474-1A3956D46DE8}") = "test", "test", "{04DBDB01-70F4-4E06-B468-8F87850B22BE}"
EndProject
Project("{9A19103F-16F7-4668-BE54-9A1E7A4F7556}") = "SqlyAI.Application.Tests", "test\SqlyAI.Application.Tests\SqlyAI.Application.Tests.csproj", "{50B2631D-129C-47B3-A587-029CCD6099BC}"
EndProject
Project("{9A19103F-16F7-4668-BE54-9A1E7A4F7556}") = "SqlyAI.Domain.Shared", "src\SqlyAI.Domain.Shared\SqlyAI.Domain.Shared.csproj", "{42F719ED-8413-4895-B5B4-5AB56079BC66}"
EndProject
Project("{9A19103F-16F7-4668-BE54-9A1E7A4F7556}") = "SqlyAI.Application.Contracts", "src\SqlyAI.Application.Contracts\SqlyAI.Application.Contracts.csproj", "{520659C8-C734-4298-A3DA-B539DB9DFC0B}"
EndProject
Project("{9A19103F-16F7-4668-BE54-9A1E7A4F7556}") = "SqlyAI.HttpApi", "src\SqlyAI.HttpApi\SqlyAI.HttpApi.csproj", "{4164BDF7-F527-4E85-9CE6-E3C2D7426A27}"
EndProject
Project("{9A19103F-16F7-4668-BE54-9A1E7A4F7556}") = "SqlyAI.HttpApi.Client", "src\SqlyAI.HttpApi.Client\SqlyAI.HttpApi.Client.csproj", "{3B5A0094-670D-4BB1-BFDD-61B88A8773DC}"
EndProject
Project("{9A19103F-16F7-4668-BE54-9A1E7A4F7556}") = "SqlyAI.EntityFrameworkCore.Tests", "test\SqlyAI.EntityFrameworkCore.Tests\SqlyAI.EntityFrameworkCore.Tests.csproj", "{1FE30EB9-74A9-47F5-A9F6-7B1FAB672D81}"
EndProject
Project("{9A19103F-16F7-4668-BE54-9A1E7A4F7556}") = "SqlyAI.TestBase", "test\SqlyAI.TestBase\SqlyAI.TestBase.csproj", "{91853F21-9CD9-4132-BC29-A7D5D84FFFE7}"
EndProject
Project("{9A19103F-16F7-4668-BE54-9A1E7A4F7556}") = "SqlyAI.Domain.Tests", "test\SqlyAI.Domain.Tests\SqlyAI.Domain.Tests.csproj", "{E512F4D9-9375-480F-A2F6-A46509F9D824}"
EndProject
Project("{9A19103F-16F7-4668-BE54-9A1E7A4F7556}") = "SqlyAI.HttpApi.Client.ConsoleTestApp", "test\SqlyAI.HttpApi.Client.ConsoleTestApp\SqlyAI.HttpApi.Client.ConsoleTestApp.csproj", "{EF480016-9127-4916-8735-D2466BDBC582}"
EndProject
Project("{9A19103F-16F7-4668-BE54-9A1E7A4F7556}") = "SqlyAI.DbMigrator", "src\SqlyAI.DbMigrator\SqlyAI.DbMigrator.csproj", "{AA94D832-1CCC-4715-95A9-A483F23A1A5D}"
EndProject
Project("{9A19103F-16F7-4668-BE54-9A1E7A4F7556}") = "SqlyAI.HttpApi.Host", "src\SqlyAI.HttpApi.Host\SqlyAI.HttpApi.Host.csproj", "{748584B1-BA69-4F6A-81AA-F4BDE6BCE29D}"
EndProject
Project("{2150E333-8FDC-42A3-9474-1A3956D46DE8}") = "modules", "modules", "{0A03B118-41EE-4DC9-BC68-EDFA5C22A61F}"
EndProject
Project("{FAE04EC0-301F-11D3-BF4B-00C04F79EFBC}") = "SqlyAI.Databases", "modules\SqlyAI.Databases\SqlyAI.Databases.csproj", "{092A98F2-D436-4AD8-8679-44136411D7E5}"
EndProject
Project("{FAE04EC0-301F-11D3-BF4B-00C04F79EFBC}") = "AppCommon", "modules\AppCommon\AppCommon.csproj", "{A2F6B604-C450-4187-BB53-468C65AC16EB}"
EndProject
Project("{FAE04EC0-301F-11D3-BF4B-00C04F79EFBC}") = "SqlyAI.Integrations", "modules\SqlyAI.Integrations\SqlyAI.Integrations.csproj", "{76BBA874-4AD1-47BD-AE5A-169487953BE4}"
EndProject
Global
	GlobalSection(SolutionConfigurationPlatforms) = preSolution
		Debug|Any CPU = Debug|Any CPU
		Release|Any CPU = Release|Any CPU
	EndGlobalSection
	GlobalSection(ProjectConfigurationPlatforms) = postSolution
		{554AD327-6DBA-4F8F-96F8-81CE7A0C863F}.Debug|Any CPU.ActiveCfg = Debug|Any CPU
		{554AD327-6DBA-4F8F-96F8-81CE7A0C863F}.Debug|Any CPU.Build.0 = Debug|Any CPU
		{554AD327-6DBA-4F8F-96F8-81CE7A0C863F}.Release|Any CPU.ActiveCfg = Release|Any CPU
		{554AD327-6DBA-4F8F-96F8-81CE7A0C863F}.Release|Any CPU.Build.0 = Release|Any CPU
		{3A1A3493-68F1-47BC-9D0D-7CD650152E0D}.Debug|Any CPU.ActiveCfg = Debug|Any CPU
		{3A1A3493-68F1-47BC-9D0D-7CD650152E0D}.Debug|Any CPU.Build.0 = Debug|Any CPU
		{3A1A3493-68F1-47BC-9D0D-7CD650152E0D}.Release|Any CPU.ActiveCfg = Release|Any CPU
		{3A1A3493-68F1-47BC-9D0D-7CD650152E0D}.Release|Any CPU.Build.0 = Release|Any CPU
		{40662180-E279-45B8-B099-7065131B7270}.Debug|Any CPU.ActiveCfg = Debug|Any CPU
		{40662180-E279-45B8-B099-7065131B7270}.Debug|Any CPU.Build.0 = Debug|Any CPU
		{40662180-E279-45B8-B099-7065131B7270}.Release|Any CPU.ActiveCfg = Release|Any CPU
		{40662180-E279-45B8-B099-7065131B7270}.Release|Any CPU.Build.0 = Release|Any CPU
		{BC364701-861B-4BAE-A3C1-88C1142A94F4}.Debug|Any CPU.ActiveCfg = Debug|Any CPU
		{BC364701-861B-4BAE-A3C1-88C1142A94F4}.Debug|Any CPU.Build.0 = Debug|Any CPU
		{BC364701-861B-4BAE-A3C1-88C1142A94F4}.Release|Any CPU.ActiveCfg = Release|Any CPU
		{BC364701-861B-4BAE-A3C1-88C1142A94F4}.Release|Any CPU.Build.0 = Release|Any CPU
		{5E8CE793-E8A5-43F1-807E-4D496BEEF7BB}.Debug|Any CPU.ActiveCfg = Debug|Any CPU
		{5E8CE793-E8A5-43F1-807E-4D496BEEF7BB}.Debug|Any CPU.Build.0 = Debug|Any CPU
		{5E8CE793-E8A5-43F1-807E-4D496BEEF7BB}.Release|Any CPU.ActiveCfg = Release|Any CPU
		{5E8CE793-E8A5-43F1-807E-4D496BEEF7BB}.Release|Any CPU.Build.0 = Release|Any CPU
		{A26317DC-A881-4B9C-94DE-01E0C0508460}.Debug|Any CPU.ActiveCfg = Debug|Any CPU
		{A26317DC-A881-4B9C-94DE-01E0C0508460}.Debug|Any CPU.Build.0 = Debug|Any CPU
		{A26317DC-A881-4B9C-94DE-01E0C0508460}.Release|Any CPU.ActiveCfg = Release|Any CPU
		{A26317DC-A881-4B9C-94DE-01E0C0508460}.Release|Any CPU.Build.0 = Release|Any CPU
		{1A94A50E-06DC-43C1-80B5-B662820EC3EB}.Debug|Any CPU.ActiveCfg = Debug|Any CPU
		{1A94A50E-06DC-43C1-80B5-B662820EC3EB}.Debug|Any CPU.Build.0 = Debug|Any CPU
		{1A94A50E-06DC-43C1-80B5-B662820EC3EB}.Release|Any CPU.ActiveCfg = Release|Any CPU
		{1A94A50E-06DC-43C1-80B5-B662820EC3EB}.Release|Any CPU.Build.0 = Release|Any CPU
		{C956DD76-69C8-4A9C-83EA-D17DF83340FD}.Debug|Any CPU.ActiveCfg = Debug|Any CPU
		{C956DD76-69C8-4A9C-83EA-D17DF83340FD}.Debug|Any CPU.Build.0 = Debug|Any CPU
		{C956DD76-69C8-4A9C-83EA-D17DF83340FD}.Release|Any CPU.ActiveCfg = Release|Any CPU
		{C956DD76-69C8-4A9C-83EA-D17DF83340FD}.Release|Any CPU.Build.0 = Release|Any CPU
		{50B2631D-129C-47B3-A587-029CCD6099BC}.Debug|Any CPU.ActiveCfg = Debug|Any CPU
		{50B2631D-129C-47B3-A587-029CCD6099BC}.Debug|Any CPU.Build.0 = Debug|Any CPU
		{50B2631D-129C-47B3-A587-029CCD6099BC}.Release|Any CPU.ActiveCfg = Release|Any CPU
		{50B2631D-129C-47B3-A587-029CCD6099BC}.Release|Any CPU.Build.0 = Release|Any CPU
		{42F719ED-8413-4895-B5B4-5AB56079BC66}.Debug|Any CPU.ActiveCfg = Debug|Any CPU
		{42F719ED-8413-4895-B5B4-5AB56079BC66}.Debug|Any CPU.Build.0 = Debug|Any CPU
		{42F719ED-8413-4895-B5B4-5AB56079BC66}.Release|Any CPU.ActiveCfg = Release|Any CPU
		{42F719ED-8413-4895-B5B4-5AB56079BC66}.Release|Any CPU.Build.0 = Release|Any CPU
		{520659C8-C734-4298-A3DA-B539DB9DFC0B}.Debug|Any CPU.ActiveCfg = Debug|Any CPU
		{520659C8-C734-4298-A3DA-B539DB9DFC0B}.Debug|Any CPU.Build.0 = Debug|Any CPU
		{520659C8-C734-4298-A3DA-B539DB9DFC0B}.Release|Any CPU.ActiveCfg = Release|Any CPU
		{520659C8-C734-4298-A3DA-B539DB9DFC0B}.Release|Any CPU.Build.0 = Release|Any CPU
		{4164BDF7-F527-4E85-9CE6-E3C2D7426A27}.Debug|Any CPU.ActiveCfg = Debug|Any CPU
		{4164BDF7-F527-4E85-9CE6-E3C2D7426A27}.Debug|Any CPU.Build.0 = Debug|Any CPU
		{4164BDF7-F527-4E85-9CE6-E3C2D7426A27}.Release|Any CPU.ActiveCfg = Release|Any CPU
		{4164BDF7-F527-4E85-9CE6-E3C2D7426A27}.Release|Any CPU.Build.0 = Release|Any CPU
		{3B5A0094-670D-4BB1-BFDD-61B88A8773DC}.Debug|Any CPU.ActiveCfg = Debug|Any CPU
		{3B5A0094-670D-4BB1-BFDD-61B88A8773DC}.Debug|Any CPU.Build.0 = Debug|Any CPU
		{3B5A0094-670D-4BB1-BFDD-61B88A8773DC}.Release|Any CPU.ActiveCfg = Release|Any CPU
		{3B5A0094-670D-4BB1-BFDD-61B88A8773DC}.Release|Any CPU.Build.0 = Release|Any CPU
		{1FE30EB9-74A9-47F5-A9F6-7B1FAB672D81}.Debug|Any CPU.ActiveCfg = Debug|Any CPU
		{1FE30EB9-74A9-47F5-A9F6-7B1FAB672D81}.Debug|Any CPU.Build.0 = Debug|Any CPU
		{1FE30EB9-74A9-47F5-A9F6-7B1FAB672D81}.Release|Any CPU.ActiveCfg = Release|Any CPU
		{1FE30EB9-74A9-47F5-A9F6-7B1FAB672D81}.Release|Any CPU.Build.0 = Release|Any CPU
		{91853F21-9CD9-4132-BC29-A7D5D84FFFE7}.Debug|Any CPU.ActiveCfg = Debug|Any CPU
		{91853F21-9CD9-4132-BC29-A7D5D84FFFE7}.Debug|Any CPU.Build.0 = Debug|Any CPU
		{91853F21-9CD9-4132-BC29-A7D5D84FFFE7}.Release|Any CPU.ActiveCfg = Release|Any CPU
		{91853F21-9CD9-4132-BC29-A7D5D84FFFE7}.Release|Any CPU.Build.0 = Release|Any CPU
		{E512F4D9-9375-480F-A2F6-A46509F9D824}.Debug|Any CPU.ActiveCfg = Debug|Any CPU
		{E512F4D9-9375-480F-A2F6-A46509F9D824}.Debug|Any CPU.Build.0 = Debug|Any CPU
		{E512F4D9-9375-480F-A2F6-A46509F9D824}.Release|Any CPU.ActiveCfg = Release|Any CPU
		{E512F4D9-9375-480F-A2F6-A46509F9D824}.Release|Any CPU.Build.0 = Release|Any CPU
		{EF480016-9127-4916-8735-D2466BDBC582}.Debug|Any CPU.ActiveCfg = Debug|Any CPU
		{EF480016-9127-4916-8735-D2466BDBC582}.Debug|Any CPU.Build.0 = Debug|Any CPU
		{EF480016-9127-4916-8735-D2466BDBC582}.Release|Any CPU.ActiveCfg = Release|Any CPU
		{EF480016-9127-4916-8735-D2466BDBC582}.Release|Any CPU.Build.0 = Release|Any CPU
		{AA94D832-1CCC-4715-95A9-A483F23A1A5D}.Debug|Any CPU.ActiveCfg = Debug|Any CPU
		{AA94D832-1CCC-4715-95A9-A483F23A1A5D}.Debug|Any CPU.Build.0 = Debug|Any CPU
		{AA94D832-1CCC-4715-95A9-A483F23A1A5D}.Release|Any CPU.ActiveCfg = Release|Any CPU
		{AA94D832-1CCC-4715-95A9-A483F23A1A5D}.Release|Any CPU.Build.0 = Release|Any CPU
		{748584B1-BA69-4F6A-81AA-F4BDE6BCE29D}.Debug|Any CPU.ActiveCfg = Debug|Any CPU
		{748584B1-BA69-4F6A-81AA-F4BDE6BCE29D}.Debug|Any CPU.Build.0 = Debug|Any CPU
		{748584B1-BA69-4F6A-81AA-F4BDE6BCE29D}.Release|Any CPU.ActiveCfg = Release|Any CPU
		{748584B1-BA69-4F6A-81AA-F4BDE6BCE29D}.Release|Any CPU.Build.0 = Release|Any CPU
		{092A98F2-D436-4AD8-8679-44136411D7E5}.Debug|Any CPU.ActiveCfg = Debug|Any CPU
		{092A98F2-D436-4AD8-8679-44136411D7E5}.Debug|Any CPU.Build.0 = Debug|Any CPU
		{092A98F2-D436-4AD8-8679-44136411D7E5}.Release|Any CPU.ActiveCfg = Release|Any CPU
		{092A98F2-D436-4AD8-8679-44136411D7E5}.Release|Any CPU.Build.0 = Release|Any CPU
		{A2F6B604-C450-4187-BB53-468C65AC16EB}.Debug|Any CPU.ActiveCfg = Debug|Any CPU
		{A2F6B604-C450-4187-BB53-468C65AC16EB}.Debug|Any CPU.Build.0 = Debug|Any CPU
		{A2F6B604-C450-4187-BB53-468C65AC16EB}.Release|Any CPU.ActiveCfg = Release|Any CPU
		{A2F6B604-C450-4187-BB53-468C65AC16EB}.Release|Any CPU.Build.0 = Release|Any CPU
		{76BBA874-4AD1-47BD-AE5A-169487953BE4}.Debug|Any CPU.ActiveCfg = Debug|Any CPU
		{76BBA874-4AD1-47BD-AE5A-169487953BE4}.Debug|Any CPU.Build.0 = Debug|Any CPU
		{76BBA874-4AD1-47BD-AE5A-169487953BE4}.Release|Any CPU.ActiveCfg = Release|Any CPU
		{76BBA874-4AD1-47BD-AE5A-169487953BE4}.Release|Any CPU.Build.0 = Release|Any CPU
	EndGlobalSection
	GlobalSection(SolutionProperties) = preSolution
		HideSolutionNode = FALSE
	EndGlobalSection
	GlobalSection(NestedProjects) = preSolution
		{554AD327-6DBA-4F8F-96F8-81CE7A0C863F} = {CA9AC87F-097E-4F15-8393-4BC07735A5B0}
		{3A1A3493-68F1-47BC-9D0D-7CD650152E0D} = {7DF2D4DE-7E4A-49E4-AD4E-39FF8A232999}
		{40662180-E279-45B8-B099-7065131B7270} = {7DF2D4DE-7E4A-49E4-AD4E-39FF8A232999}
		{BC364701-861B-4BAE-A3C1-88C1142A94F4} = {7DF2D4DE-7E4A-49E4-AD4E-39FF8A232999}
		{5E8CE793-E8A5-43F1-807E-4D496BEEF7BB} = {7DF2D4DE-7E4A-49E4-AD4E-39FF8A232999}
		{A26317DC-A881-4B9C-94DE-01E0C0508460} = {7DF2D4DE-7E4A-49E4-AD4E-39FF8A232999}
		{7DF2D4DE-7E4A-49E4-AD4E-39FF8A232999} = {04DBDB01-70F4-4E06-B468-8F87850B22BE}
		{1A94A50E-06DC-43C1-80B5-B662820EC3EB} = {CA9AC87F-097E-4F15-8393-4BC07735A5B0}
		{C956DD76-69C8-4A9C-83EA-D17DF83340FD} = {CA9AC87F-097E-4F15-8393-4BC07735A5B0}
		{50B2631D-129C-47B3-A587-029CCD6099BC} = {04DBDB01-70F4-4E06-B468-8F87850B22BE}
		{42F719ED-8413-4895-B5B4-5AB56079BC66} = {CA9AC87F-097E-4F15-8393-4BC07735A5B0}
		{520659C8-C734-4298-A3DA-B539DB9DFC0B} = {CA9AC87F-097E-4F15-8393-4BC07735A5B0}
		{4164BDF7-F527-4E85-9CE6-E3C2D7426A27} = {CA9AC87F-097E-4F15-8393-4BC07735A5B0}
		{3B5A0094-670D-4BB1-BFDD-61B88A8773DC} = {CA9AC87F-097E-4F15-8393-4BC07735A5B0}
		{1FE30EB9-74A9-47F5-A9F6-7B1FAB672D81} = {04DBDB01-70F4-4E06-B468-8F87850B22BE}
		{91853F21-9CD9-4132-BC29-A7D5D84FFFE7} = {04DBDB01-70F4-4E06-B468-8F87850B22BE}
		{E512F4D9-9375-480F-A2F6-A46509F9D824} = {04DBDB01-70F4-4E06-B468-8F87850B22BE}
		{EF480016-9127-4916-8735-D2466BDBC582} = {04DBDB01-70F4-4E06-B468-8F87850B22BE}
		{AA94D832-1CCC-4715-95A9-A483F23A1A5D} = {CA9AC87F-097E-4F15-8393-4BC07735A5B0}
		{748584B1-BA69-4F6A-81AA-F4BDE6BCE29D} = {CA9AC87F-097E-4F15-8393-4BC07735A5B0}
		{092A98F2-D436-4AD8-8679-44136411D7E5} = {0A03B118-41EE-4DC9-BC68-EDFA5C22A61F}
		{A2F6B604-C450-4187-BB53-468C65AC16EB} = {0A03B118-41EE-4DC9-BC68-EDFA5C22A61F}
		{76BBA874-4AD1-47BD-AE5A-169487953BE4} = {0A03B118-41EE-4DC9-BC68-EDFA5C22A61F}
	EndGlobalSection
	GlobalSection(ExtensibilityGlobals) = postSolution
		SolutionGuid = {28315BFD-90E7-4E14-A2EA-F3D23AF4126F}
	EndGlobalSection
EndGlobal
